{
  "name": "fita",
  "version": "0.3.2",
  "lockfileVersion": 3,
  "requires": true,
  "packages": {
    "": {
      "name": "fita",
      "version": "0.3.2",
      "devDependencies": {
        "@electron/packager": "20.3.0",
        "@playwright/test": "1.63.0",
        "electron": "44.2.0"
      }
    },
    "node_modules/@electron-internal/extract-zip": {
      "version": "1.0.5",
      "dev": true,
      "license": "BSD-2-Clause",
      "engines": {
        "node": ">=22.12.0"
      }
    },
    "node_modules/@electron/asar": {
      "version": "4.3.0",
      "dev": true,
      "license": "MIT",
      "dependencies": {
        "glob": "^13.0.2",
        "minimatch": "^10.0.1"
      },
      "bin": {
        "asar": "bin/asar.mjs"
      },
      "engines": {
        "node": ">=22.12.0"
      }
    },
    "node_modules/@electron/get": {
      "version": "5.1.0",
      "dev": true,
      "license": "MIT",
      "dependencies": {
        "debug": "^4.1.1",
        "env-paths": "^3.0.0",
        "graceful-fs": "^4.2.11",
        "progress": "^2.0.3",
        "semver": "^7.6.3",
        "sumchecker": "^3.0.1"
      },
      "engines": {
        "node": ">=22.12.0"
      },
      "optionalDependencies": {
        "undici": "^7.24.4"
      }
    },
    "node_modules/@electron/notarize": {
      "version": "3.1.1",
      "dev": true,
      "license": "MIT",
      "dependencies": {
        "debug": "^4.4.0",
        "promise-retry": "^2.0.1"
      },
      "engines": {
        "node": ">= 22.12.0"
      }
    },
    "node_modules/@electron/osx-sign": {
      "version": "2.7.0",
      "dev": true,
      "license": "BSD-2-Clause",
      "dependencies": {
        "debug": "^4.3.4",
        "isbinaryfile": "^4.0.8",
        "plist": "^3.0.5",
        "semver": "^7.7.1"
      },
      "bin": {
        "electron-osx-flat": "bin/electron-osx-flat.mjs",
        "electron-osx-sign": "bin/electron-osx-sign.mjs"
      },
      "engines": {
        "node": ">=22.12.0"
      }
    },
    "node_modules/@electron/packager": {
      "version": "20.3.0",
      "dev": true,
      "license": "BSD-2-Clause",
      "dependencies": {
        "@electron-internal/extract-zip": "^1.0.1",
        "@electron/asar": "^4.0.1",
        "@electron/get": "^5.0.0",
        "@electron/notarize": "^3.1.0",
        "@electron/osx-sign": "^2.2.0",
        "@electron/universal": "^3.0.1",
        "@electron/windows-sign": "^2.0.2",
        "@malept/cross-spawn-promise": "^2.0.0",
        "debug": "^4.4.1",
        "filenamify": "^6.0.0",
        "galactus": "^2.0.2",
        "graceful-fs": "^4.2.11",
        "junk": "^4.0.1",
        "plist": "^3.1.0",
        "resedit": "^2.0.3",
        "semver": "^7.7.2",
        "yargs-parser": "^22.0.0"
      },
      "bin": {
        "electron-packager": "bin/electron-packager.mjs"
      },
      "engines": {
        "node": ">= 22.12.0"
      },
      "funding": {
        "url": "https://github.com/electron/packager?sponsor=1"
      }
    },
    "node_modules/@electron/universal": {
      "version": "3.0.6",
      "dev": true,
      "license": "MIT",
      "dependencies": {
        "@electron/asar": "^4.0.0",
        "debug": "^4.3.1",
        "plist": "^3.1.0"
      },
      "engines": {
        "node": ">=22.12.0"
      }
    },
    "node_modules/@electron/windows-sign": {
      "version": "2.0.6",
      "dev": true,
      "license": "BSD-2-Clause",
      "dependencies": {
        "debug": "^4.3.4",
        "graceful-fs": "^4.2.11",
        "postject": "^1.0.0-alpha.6"
      },
      "bin": {
        "electron-windows-sign": "bin/electron-windows-sign.mjs"
      },
      "engines": {
        "node": ">=22.12.0"
      }
    },
    "node_modules/@malept/cross-spawn-promise": {
      "version": "2.0.0",
      "dev": true,
      "funding": [
        {
          "type": "individual",
          "url": "https://github.com/sponsors/malept"
        },
        {
          "type": "tidelift",
          "url": "https://tidelift.com/subscription/pkg/npm-.malept-cross-spawn-promise?utm_medium=referral&utm_source=npm_fund"
        }
      ],
      "license": "Apache-2.0",
      "dependencies": {
        "cross-spawn": "^7.0.1"
      },
      "engines": {
        "node": ">= 12.13.0"
      }
    },
    "node_modules/@playwright/test": {
      "version": "1.63.0",
      "dev": true,
      "license": "Apache-2.0",
      "dependencies": {
        "playwright": "1.63.0"
      },
      "bin": {
        "playwright": "cli.js"
      },
      "engines": {
        "node": ">=20"
      }
    },
    "node_modules/@types/node": {
      "version": "24.13.3",
      "dev": true,
      "license": "MIT",
      "dependencies": {
        "undici-types": "~7.18.0"
      }
    },
    "node_modules/@xmldom/xmldom": {
      "version": "0.9.12",
      "dev": true,
      "license": "MIT",
      "engines": {
        "node": ">=14.6"
      }
    },
    "node_modules/balanced-match": {
      "version": "4.0.4",
      "dev": true,
      "license": "MIT",
      "engines": {
        "node": "18 || 20 || >=22"
      }
    },
    "node_modules/base64-js": {
      "version": "1.5.1",
      "dev": true,
      "funding": [
        {
          "type": "github",
          "url": "https://github.com/sponsors/feross"
        },
        {
          "type": "patreon",
          "url": "https://www.patreon.com/feross"
        },
        {
          "type": "consulting",
          "url": "https://feross.org/support"
        }
      ],
      "license": "MIT"
    },
    "node_modules/brace-expansion": {
      "version": "5.0.9",
      "dev": true,
      "license": "MIT",
      "dependencies": {
        "balanced-match": "^4.0.2"
      },
      "engines": {
        "node": "20 || >=22"
      }
    },
    "node_modules/commander": {
      "version": "9.5.0",
      "dev": true,
      "license": "MIT",
      "engines": {
        "node": "^12.20.0 || >=14"
      }
    },
    "node_modules/cross-spawn": {
      "version": "7.0.6",
      "dev": true,
      "license": "MIT",
      "dependencies": {
        "path-key": "^3.1.0",
        "shebang-command": "^2.0.0",
        "which": "^2.0.1"
      },
      "engines": {
        "node": ">= 8"
      }
    },
    "node_modules/debug": {
      "version": "4.4.3",
      "dev": true,
      "license": "MIT",
      "dependencies": {
        "ms": "^2.1.3"
      },
      "engines": {
        "node": ">=6.0"
      },
      "peerDependenciesMeta": {
        "supports-color": {
          "optional": true
        }
      }
    },
    "node_modules/electron": {
      "version": "44.2.0",
      "dev": true,
      "license": "MIT",
      "dependencies": {
        "@electron-internal/extract-zip": "^1.0.1",
        "@electron/get": "^5.0.0",
        "@types/node": "^24.9.0"
      },
      "bin": {
        "electron": "cli.js",
        "install-electron": "install.js"
      },
      "engines": {
        "node": ">= 22.12.0"
      }
    },
    "node_modules/env-paths": {
      "version": "3.0.0",
      "dev": true,
      "license": "MIT",
      "engines": {
        "node": "^12.20.0 || ^14.13.1 || >=16.0.0"
      },
      "funding": {
        "url": "https://github.com/sponsors/sindresorhus"
      }
    },
    "node_modules/err-code": {
      "version": "2.0.3",
      "dev": true,
      "license": "MIT"
    },
    "node_modules/filename-reserved-regex": {
      "version": "3.0.0",
      "dev": true,
      "license": "MIT",
      "engines": {
        "node": "^12.20.0 || ^14.13.1 || >=16.0.0"
      },
      "funding": {
        "url": "https://github.com/sponsors/sindresorhus"
      }
    },
    "node_modules/filenamify": {
      "version": "6.0.0",
      "dev": true,
      "license": "MIT",
      "dependencies": {
        "filename-reserved-regex": "^3.0.0"
      },
      "engines": {
        "node": ">=16"
      },
      "funding": {
        "url": "https://github.com/sponsors/sindresorhus"
      }
    },
    "node_modules/flora-colossus": {
      "version": "3.0.2",
      "dev": true,
      "license": "MIT",
      "dependencies": {
        "debug": "^4.4.1"
      },
      "engines": {
        "node": ">=22.12.0"
      }
    },
    "node_modules/galactus": {
      "version": "2.0.2",
      "dev": true,
      "license": "MIT",
      "dependencies": {
        "debug": "^4.4.1",
        "flora-colossus": "^3.0.2"
      },
      "engines": {
        "node": ">=22.12.0"
      }
    },
    "node_modules/glob": {
      "version": "13.0.6",
      "dev": true,
      "license": "BlueOak-1.0.0",
      "dependencies": {
        "minimatch": "^10.2.2",
        "minipass": "^7.1.3",
        "path-scurry": "^2.0.2"
      },
      "engines": {
        "node": "18 || 20 || >=22"
      },
      "funding": {
        "url": "https://github.com/sponsors/isaacs"
      }
    },
    "node_modules/graceful-fs": {
      "version": "4.2.11",
      "dev": true,
      "license": "ISC"
    },
    "node_modules/isbinaryfile": {
      "version": "4.0.10",
      "dev": true,
      "license": "MIT",
      "engines": {
        "node": ">= 8.0.0"
      },
      "funding": {
        "url": "https://github.com/sponsors/gjtorikian/"
      }
    },
    "node_modules/isexe": {
      "version": "2.0.0",
      "dev": true,
      "license": "ISC"
    },
    "node_modules/junk": {
      "version": "4.0.1",
      "dev": true,
      "license": "MIT",
      "engines": {
        "node": ">=12.20"
      },
      "funding": {
        "url": "https://github.com/sponsors/sindresorhus"
      }
    },
    "node_modules/lru-cache": {
      "version": "11.5.2",
      "dev": true,
      "license": "BlueOak-1.0.0",
      "engines": {
        "node": "20 || >=22"
      }
    },
    "node_modules/minimatch": {
      "version": "10.2.6",
      "dev": true,
      "license": "BlueOak-1.0.0",
      "dependencies": {
        "brace-expansion": "^5.0.8"
      },
      "engines": {
        "node": "18 || 20 || >=22"
      },
      "funding": {
        "url": "https://github.com/sponsors/isaacs"
      }
    },
    "node_modules/minipass": {
      "version": "7.1.3",
      "dev": true,
      "license": "BlueOak-1.0.0",
      "engines": {
        "node": ">=16 || 14 >=14.17"
      }
    },
    "node_modules/ms": {
      "version": "2.1.3",
      "dev": true,
      "license": "MIT"
    },
    "node_modules/path-key": {
      "version": "3.1.1",
      "dev": true,
      "license": "MIT",
      "engines": {
        "node": ">=8"
      }
    },
    "node_modules/path-scurry": {
      "version": "2.0.2",
      "dev": true,
      "license": "BlueOak-1.0.0",
      "dependencies": {
        "lru-cache": "^11.0.0",
        "minipass": "^7.1.2"
      },
      "engines": {
        "node": "18 || 20 || >=22"
      },
      "funding": {
        "url": "https://github.com/sponsors/isaacs"
      }
    },
    "node_modules/pe-library": {
      "version": "1.0.1",
      "dev": true,
      "license": "MIT",
      "engines": {
        "node": ">=14",
        "npm": ">=7"
      },
      "funding": {
        "type": "github",
        "url": "https://github.com/sponsors/jet2jet"
      }
    },
    "node_modules/playwright": {
      "version": "1.63.0",
      "dev": true,
      "license": "Apache-2.0",
      "dependencies": {
        "playwright-core": "1.63.0"
      },
      "bin": {
        "playwright": "cli.js"
      },
      "engines": {
        "node": ">=20"
      }
    },
    "node_modules/playwright-core": {
      "version": "1.63.0",
      "dev": true,
      "license": "Apache-2.0",
      "bin": {
        "playwright-core": "cli.js"
      },
      "engines": {
        "node": ">=20"
      }
    },
    "node_modules/plist": {
      "version": "3.1.1",
      "dev": true,
      "license": "MIT",
      "dependencies": {
        "@xmldom/xmldom": "^0.9.10",
        "base64-js": "^1.5.1",
        "xmlbuilder": "^15.1.1"
      },
      "engines": {
        "node": ">=10.4.0"
      }
    },
    "node_modules/postject": {
      "version": "1.0.0-alpha.6",
      "dev": true,
      "license": "MIT",
      "dependencies": {
        "commander": "^9.4.0"
      },
      "bin": {
        "postject": "dist/cli.js"
      },
      "engines": {
        "node": ">=14.0.0"
      }
    },
    "node_modules/progress": {
      "version": "2.0.3",
      "dev": true,
      "license": "MIT",
      "engines": {
        "node": ">=0.4.0"
      }
    },
    "node_modules/promise-retry": {
      "version": "2.0.1",
      "dev": true,
      "license": "MIT",
      "dependencies": {
        "err-code": "^2.0.2",
        "retry": "^0.12.0"
      },
      "engines": {
        "node": ">=10"
      }
    },
    "node_modules/resedit": {
      "version": "2.0.3",
      "dev": true,
      "license": "MIT",
      "dependencies": {
        "pe-library": "^1.0.1"
      },
      "engines": {
        "node": ">=14",
        "npm": ">=7"
      },
      "funding": {
        "type": "github",
        "url": "https://github.com/sponsors/jet2jet"
      }
    },
    "node_modules/retry": {
      "version": "0.12.0",
      "dev": true,
      "license": "MIT",
      "engines": {
        "node": ">= 4"
      }
    },
    "node_modules/semver": {
      "version": "7.8.5",
      "dev": true,
      "license": "ISC",
      "bin": {
        "semver": "bin/semver.js"
      },
      "engines": {
        "node": ">=10"
      }
    },
    "node_modules/shebang-command": {
      "version": "2.0.0",
      "dev": true,
      "license": "MIT",
      "dependencies": {
        "shebang-regex": "^3.0.0"
      },
      "engines": {
        "node": ">=8"
      }
    },
    "node_modules/shebang-regex": {
      "version": "3.0.0",
      "dev": true,
      "license": "MIT",
      "engines": {
        "node": ">=8"
      }
    },
    "node_modules/sumchecker": {
      "version": "3.0.1",
      "dev": true,
      "license": "Apache-2.0",
      "dependencies": {
        "debug": "^4.1.0"
      },
      "engines": {
        "node": ">= 8.0"
      }
    },
    "node_modules/undici": {
      "version": "7.29.1",
      "dev": true,
      "license": "MIT",
      "optional": true,
      "engines": {
        "node": ">=20.18.1"
      }
    },
    "node_modules/undici-types": {
      "version": "7.18.2",
      "dev": true,
      "license": "MIT"
    },
    "node_modules/which": {
      "version": "2.0.2",
      "dev": true,
      "license": "ISC",
      "dependencies": {
        "isexe": "^2.0.0"
      },
      "bin": {
        "node-which": "bin/node-which"
      },
      "engines": {
        "node": ">= 8"
      }
    },
    "node_modules/xmlbuilder": {
      "version": "15.1.1",
      "dev": true,
      "license": "MIT",
      "engines": {
        "node": ">=8.0"
      }
    },
    "node_modules/yargs-parser": {
      "version": "22.0.0",
      "dev": true,
      "license": "ISC",
      "engines": {
        "node": "^20.19.0 || ^22.12.0 || >=23"
      }
    }
  }
}
